{
  "name": "ta-dom-components",
  "version": "0.0.7",
  "lockfileVersion": 1,
  "requires": true,
  "dependencies": {
    "@webcomponents/webcomponentsjs": {
      "version": "1.0.19",
      "resolved": "https://registry.npmjs.org/@webcomponents/webcomponentsjs/-/webcomponentsjs-1.0.19.tgz",
      "integrity": "sha512-+9y9b9Mj8PHQCXQTi0C+LESvz0PI/lGYkAlGygNUG7/Dbj7PaiEet2Bh2g5//6vFx5Q5GxWekumUHJnbLnmZow=="
    },
    "morphdom": {
      "version": "github:kozmanbalint/morphdom#6e38994fa278a0861b6353fa5e07386e611f6aca"
    },
    "ta-dom": {
      "version": "0.0.5",
      "resolved": "https://registry.npmjs.org/ta-dom/-/ta-dom-0.0.5.tgz",
      "integrity": "sha512-C6UybpYr0AvO5IChO3j87OtXm5RhSlYNZvUDxGrPPVcVcRAQRdMnloyEQKAxnZCvvSXIyyLmK83tUMdIggIcKg=="
    }
  }
}
